
Microsoft Visual Studio Solution File, Format Version 12.00
# Visual Studio Version 16
VisualStudioVersion = 16.0.28803.202
MinimumVisualStudioVersion = 10.0.40219.1
Project("{FAE04EC0-301F-11D3-BF4B-00C04F79EFBC}") = "cliente", "cliente\cliente.csproj", "{36A4A64D-1828-4035-9E43-960B2D9FC598}"
EndProject
Global
	GlobalSection(SolutionConfigurationPlatforms) = preSolution
		Debug|Any CPU = Debug|Any CPU
		Release|Any CPU = Release|Any CPU
	EndGlobalSection
	GlobalSection(ProjectConfigurationPlatforms) = postSolution
		{36A4A64D-1828-4035-9E43-960B2D9FC598}.Debug|Any CPU.ActiveCfg = Debug|Any CPU
		{36A4A64D-1828-4035-9E43-960B2D9FC598}.Debug|Any CPU.Build.0 = Debug|Any CPU
		{36A4A64D-1828-4035-9E43-960B2D9FC598}.Release|Any CPU.ActiveCfg = Release|Any CPU
		{36A4A64D-1828-4035-9E43-960B2D9FC598}.Release|Any CPU.Build.0 = Release|Any CPU
	EndGlobalSection
	GlobalSection(SolutionProperties) = preSolution
		HideSolutionNode = FALSE
	EndGlobalSection
	GlobalSection(ExtensibilityGlobals) = postSolution
		SolutionGuid = {7BE1846B-4190-469C-80C7-E39D012F13F8}
	EndGlobalSection
EndGlobal
